
Microsoft Visual Studio Solution File, Format Version 12.00
# Visual Studio Version 16
VisualStudioVersion = 16.0.30804.86
MinimumVisualStudioVersion = 10.0.40219.1
Project("{9A19103F-16F7-4668-BE54-9A1E7A4F7556}") = "Kanban.Core", "Kanban.Core\Kanban.Core.csproj", "{57A84A63-06D7-43DC-8FA5-1360B3BEC61E}"
EndProject
Project("{9A19103F-16F7-4668-BE54-9A1E7A4F7556}") = "KanbanBoard.Data", "KanbanBoard.Data\KanbanBoard.Data.csproj", "{A77D4CF3-1575-4542-A901-A6566D6B05D6}"
EndProject
Project("{9A19103F-16F7-4668-BE54-9A1E7A4F7556}") = "KanbanBoard.Logic", "KanbanBoard.Logic\KanbanBoard.Logic.csproj", "{BAC07145-F4CA-4732-A874-62AA1C0689A9}"
EndProject
Project("{9A19103F-16F7-4668-BE54-9A1E7A4F7556}") = "KanbanBoard.Presentation", "KanbanBoard.Presentation\KanbanBoard.Presentation.csproj", "{218EDFE5-3DF5-4F1B-BF19-95A37CE8F7FB}"
EndProject
Global
	GlobalSection(SolutionConfigurationPlatforms) = preSolution
		Debug|Any CPU = Debug|Any CPU
		Release|Any CPU = Release|Any CPU
	EndGlobalSection
	GlobalSection(ProjectConfigurationPlatforms) = postSolution
		{57A84A63-06D7-43DC-8FA5-1360B3BEC61E}.Debug|Any CPU.ActiveCfg = Debug|Any CPU
		{57A84A63-06D7-43DC-8FA5-1360B3BEC61E}.Debug|Any CPU.Build.0 = Debug|Any CPU
		{57A84A63-06D7-43DC-8FA5-1360B3BEC61E}.Release|Any CPU.ActiveCfg = Release|Any CPU
		{57A84A63-06D7-43DC-8FA5-1360B3BEC61E}.Release|Any CPU.Build.0 = Release|Any CPU
		{A77D4CF3-1575-4542-A901-A6566D6B05D6}.Debug|Any CPU.ActiveCfg = Debug|Any CPU
		{A77D4CF3-1575-4542-A901-A6566D6B05D6}.Debug|Any CPU.Build.0 = Debug|Any CPU
		{A77D4CF3-1575-4542-A901-A6566D6B05D6}.Release|Any CPU.ActiveCfg = Release|Any CPU
		{A77D4CF3-1575-4542-A901-A6566D6B05D6}.Release|Any CPU.Build.0 = Release|Any CPU
		{BAC07145-F4CA-4732-A874-62AA1C0689A9}.Debug|Any CPU.ActiveCfg = Debug|Any CPU
		{BAC07145-F4CA-4732-A874-62AA1C0689A9}.Debug|Any CPU.Build.0 = Debug|Any CPU
		{BAC07145-F4CA-4732-A874-62AA1C0689A9}.Release|Any CPU.ActiveCfg = Release|Any CPU
		{BAC07145-F4CA-4732-A874-62AA1C0689A9}.Release|Any CPU.Build.0 = Release|Any CPU
		{218EDFE5-3DF5-4F1B-BF19-95A37CE8F7FB}.Debug|Any CPU.ActiveCfg = Debug|Any CPU
		{218EDFE5-3DF5-4F1B-BF19-95A37CE8F7FB}.Debug|Any CPU.Build.0 = Debug|Any CPU
		{218EDFE5-3DF5-4F1B-BF19-95A37CE8F7FB}.Release|Any CPU.ActiveCfg = Release|Any CPU
		{218EDFE5-3DF5-4F1B-BF19-95A37CE8F7FB}.Release|Any CPU.Build.0 = Release|Any CPU
	EndGlobalSection
	GlobalSection(SolutionProperties) = preSolution
		HideSolutionNode = FALSE
	EndGlobalSection
	GlobalSection(ExtensibilityGlobals) = postSolution
		SolutionGuid = {C77D766A-F0BB-490E-9E22-989C9A0BE639}
	EndGlobalSection
EndGlobal
